
Microsoft Visual Studio Solution File, Format Version 12.00
# Visual Studio Version 17
VisualStudioVersion = 17.11.35303.130
MinimumVisualStudioVersion = 10.0.40219.1
Project("{FAE04EC0-301F-11D3-BF4B-00C04F79EFBC}") = "TicketClassLibrary", "TicketClassLibrary\TicketClassLibrary.csproj", "{5D4543C1-8A23-4A88-824D-35285F537A58}"
EndProject
Project("{FAE04EC0-301F-11D3-BF4B-00C04F79EFBC}") = "TicketClassLibrary.Tests", "TicketClassLibrary.Tests\TicketClassLibrary.Tests.csproj", "{53F4A20B-F218-4BEA-8685-B66A6D72F8EC}"
EndProject
Project("{FAE04EC0-301F-11D3-BF4B-00C04F79EFBC}") = "StoreBaeltTicketLibrary", "StoreBaeltTicketLibrary\StoreBaeltTicketLibrary.csproj", "{E1C38C23-D8A4-425B-AAE8-EF23F9698E2B}"
EndProject
Project("{FAE04EC0-301F-11D3-BF4B-00C04F79EFBC}") = "StoreBaeltTicketLibrary.Tests", "StoreBaeltTicketLibrary.Tests\StoreBaeltTicketLibrary.Tests.csproj", "{5EBBDDBA-880A-4259-9A89-2087683AAECA}"
EndProject
Project("{FAE04EC0-301F-11D3-BF4B-00C04F79EFBC}") = "OresundBron", "OresundBron\OresundBron.csproj", "{AA1C606B-0C14-4693-B024-0698B85EFD58}"
EndProject
Global
	GlobalSection(SolutionConfigurationPlatforms) = preSolution
		Debug|Any CPU = Debug|Any CPU
		Release|Any CPU = Release|Any CPU
	EndGlobalSection
	GlobalSection(ProjectConfigurationPlatforms) = postSolution
		{5D4543C1-8A23-4A88-824D-35285F537A58}.Debug|Any CPU.ActiveCfg = Debug|Any CPU
		{5D4543C1-8A23-4A88-824D-35285F537A58}.Debug|Any CPU.Build.0 = Debug|Any CPU
		{5D4543C1-8A23-4A88-824D-35285F537A58}.Release|Any CPU.ActiveCfg = Release|Any CPU
		{5D4543C1-8A23-4A88-824D-35285F537A58}.Release|Any CPU.Build.0 = Release|Any CPU
		{53F4A20B-F218-4BEA-8685-B66A6D72F8EC}.Debug|Any CPU.ActiveCfg = Debug|Any CPU
		{53F4A20B-F218-4BEA-8685-B66A6D72F8EC}.Debug|Any CPU.Build.0 = Debug|Any CPU
		{53F4A20B-F218-4BEA-8685-B66A6D72F8EC}.Release|Any CPU.ActiveCfg = Release|Any CPU
		{53F4A20B-F218-4BEA-8685-B66A6D72F8EC}.Release|Any CPU.Build.0 = Release|Any CPU
		{E1C38C23-D8A4-425B-AAE8-EF23F9698E2B}.Debug|Any CPU.ActiveCfg = Debug|Any CPU
		{E1C38C23-D8A4-425B-AAE8-EF23F9698E2B}.Debug|Any CPU.Build.0 = Debug|Any CPU
		{E1C38C23-D8A4-425B-AAE8-EF23F9698E2B}.Release|Any CPU.ActiveCfg = Release|Any CPU
		{E1C38C23-D8A4-425B-AAE8-EF23F9698E2B}.Release|Any CPU.Build.0 = Release|Any CPU
		{5EBBDDBA-880A-4259-9A89-2087683AAECA}.Debug|Any CPU.ActiveCfg = Debug|Any CPU
		{5EBBDDBA-880A-4259-9A89-2087683AAECA}.Debug|Any CPU.Build.0 = Debug|Any CPU
		{5EBBDDBA-880A-4259-9A89-2087683AAECA}.Release|Any CPU.ActiveCfg = Release|Any CPU
		{5EBBDDBA-880A-4259-9A89-2087683AAECA}.Release|Any CPU.Build.0 = Release|Any CPU
		{AA1C606B-0C14-4693-B024-0698B85EFD58}.Debug|Any CPU.ActiveCfg = Debug|Any CPU
		{AA1C606B-0C14-4693-B024-0698B85EFD58}.Debug|Any CPU.Build.0 = Debug|Any CPU
		{AA1C606B-0C14-4693-B024-0698B85EFD58}.Release|Any CPU.ActiveCfg = Release|Any CPU
		{AA1C606B-0C14-4693-B024-0698B85EFD58}.Release|Any CPU.Build.0 = Release|Any CPU
	EndGlobalSection
	GlobalSection(SolutionProperties) = preSolution
		HideSolutionNode = FALSE
	EndGlobalSection
	GlobalSection(ExtensibilityGlobals) = postSolution
		SolutionGuid = {1023E039-6FCB-45B4-BE49-A17BC96CB793}
	EndGlobalSection
EndGlobal
